// !$*UTF8*$!
{
	archiveVersion = 1;
	classes = {
	};
	objectVersion = 56;
	objects = {

/* Begin PBXBuildFile section */
		2321F788F2CA4F1B9E27C681 /* RootView.swift in Sources */ = {isa = PBXBuildFile; fileRef = 2321F788F2CA4F1B9E27C682 /* RootView.swift */; };
		6D139EB12C23342A004DF286 /* AppRoot.swift in Sources */ = {isa = PBXBuildFile; fileRef = 6D139EB02C23342A004DF286 /* AppRoot.swift */; };
		6D139EB52C23342C004DF286 /* Assets.xcassets in Resources */ = {isa = PBXBuildFile; fileRef = 6D139EB42C23342C004DF286 /* Assets.xcassets */; };
		6D139EB82C23342C004DF286 /* Preview Assets.xcassets in Resources */ = {isa = PBXBuildFile; fileRef = 6D139EB72C23342C004DF286 /* Preview Assets.xcassets */; };
		6D139EC22C23342C004DF286 /* StarterAppTests.swift in Sources */ = {isa = PBXBuildFile; fileRef = 6D139EC12C23342C004DF286 /* StarterAppTests.swift */; };
		6D139ECC2C23342D004DF286 /* StarterAppUITests.swift in Sources */ = {isa = PBXBuildFile; fileRef = 6D139ECB2C23342D004DF286 /* StarterAppUITests.swift */; };
		6D139ECE2C23342D004DF286 /* StarterAppUITestsLaunchTests.swift in Sources */ = {isa = PBXBuildFile; fileRef = 6D139ECD2C23342D004DF286 /* StarterAppUITestsLaunchTests.swift */; };
		6D139EDF2C2334E7004DF286 /* WeatherModel.swift in Sources */ = {isa = PBXBuildFile; fileRef = 6D139EDE2C2334E7004DF286 /* WeatherModel.swift */; };
		6D139EE52C2335C0004DF286 /* CityModel.swift in Sources */ = {isa = PBXBuildFile; fileRef = 6D139EE42C2335C0004DF286 /* CityModel.swift */; };
		6D139EE72C2335E4004DF286 /* TemperatureModel.swift in Sources */ = {isa = PBXBuildFile; fileRef = 6D139EE62C2335E4004DF286 /* TemperatureModel.swift */; };
		6D139EF82C23381D004DF286 /* WeatherRowView.swift in Sources */ = {isa = PBXBuildFile; fileRef = 6D139EF72C23381D004DF286 /* WeatherRowView.swift */; };
		6D139F022C233D4E004DF286 /* WeatherAPIConfiguration.swift in Sources */ = {isa = PBXBuildFile; fileRef = 6D139F012C233D4E004DF286 /* WeatherAPIConfiguration.swift */; };
		6D139F042C23B8A6004DF286 /* Extension+Date.swift in Sources */ = {isa = PBXBuildFile; fileRef = 6D139F032C23B8A6004DF286 /* Extension+Date.swift */; };
		6D139F072C23BB0F004DF286 /* AppConfiguration.swift in Sources */ = {isa = PBXBuildFile; fileRef = 6D139F062C23BB0F004DF286 /* AppConfiguration.swift */; };
		6D139F142C23C3AE004DF286 /* ConfigurationManagerTests.swift in Sources */ = {isa = PBXBuildFile; fileRef = 6D139F132C23C3AE004DF286 /* ConfigurationManagerTests.swift */; };
		6D139F162C23C3E5004DF286 /* APIClientTests.swift in Sources */ = {isa = PBXBuildFile; fileRef = 6D139F152C23C3E5004DF286 /* APIClientTests.swift */; };
		6D139F182C23C42E004DF286 /* WeatherRepositoryTests.swift in Sources */ = {isa = PBXBuildFile; fileRef = 6D139F172C23C42E004DF286 /* WeatherRepositoryTests.swift */; };
		6D139F1A2C23C450004DF286 /* FetchWeatherUseCaseTests.swift in Sources */ = {isa = PBXBuildFile; fileRef = 6D139F192C23C450004DF286 /* FetchWeatherUseCaseTests.swift */; };
		6D139F1C2C23C47A004DF286 /* WeatherViewModelTests.swift in Sources */ = {isa = PBXBuildFile; fileRef = 6D139F1B2C23C47A004DF286 /* WeatherViewModelTests.swift */; };
		6D139F212C23C9C2004DF286 /* JSONLoader.swift in Sources */ = {isa = PBXBuildFile; fileRef = 6D139F202C23C9C2004DF286 /* JSONLoader.swift */; };
		6D139F342C23DA35004DF286 /* weather_data.json in Resources */ = {isa = PBXBuildFile; fileRef = 6D139F332C23DA35004DF286 /* weather_data.json */; };
		892C6B7701614627BBBC784A /* WeatherView.swift in Sources */ = {isa = PBXBuildFile; fileRef = 892C6B7701614627BBBC784B /* WeatherView.swift */; };
		95D1D6172414486FAAD18585 /* SettingsView.swift in Sources */ = {isa = PBXBuildFile; fileRef = 95D1D6172414486FAAD18586 /* SettingsView.swift */; };
		AB36A261E7384715BDF060DD /* AppContainer.swift in Sources */ = {isa = PBXBuildFile; fileRef = AB36A261E7384715BDF060DE /* AppContainer.swift */; };
		C593E1CDF677418AA6C913C4 /* WeatherStore.swift in Sources */ = {isa = PBXBuildFile; fileRef = C593E1CDF677418AA6C913C5 /* WeatherStore.swift */; };
		E26EB4022E01888B00518C00 /* WeatherRepository.swift in Sources */ = {isa = PBXBuildFile; fileRef = E26EB4012E01888B00518C00 /* WeatherRepository.swift */; };
		E26EB4092E018B3600518C00 /* WeatherApiDTO.swift in Sources */ = {isa = PBXBuildFile; fileRef = E26EB4062E018B3600518C00 /* WeatherApiDTO.swift */; };
		E26EB40C2E018BC700518C00 /* WeatherConditionModel.swift in Sources */ = {isa = PBXBuildFile; fileRef = E26EB40B2E018BC700518C00 /* WeatherConditionModel.swift */; };
		E26EB40E2E018BE000518C00 /* ForecastModel.swift in Sources */ = {isa = PBXBuildFile; fileRef = E26EB40D2E018BE000518C00 /* ForecastModel.swift */; };
		E26EB42A2E01A5E300518C00 /* WeatherProtocolMapper.swift in Sources */ = {isa = PBXBuildFile; fileRef = E26EB4292E01A5E300518C00 /* WeatherProtocolMapper.swift */; };
		E26EB4302E01A5F900518C00 /* WeatherRemoteService.swift in Sources */ = {isa = PBXBuildFile; fileRef = E26EB42E2E01A5F900518C00 /* WeatherRemoteService.swift */; };
		E26EB4312E01A5F900518C00 /* WeatherFileService.swift in Sources */ = {isa = PBXBuildFile; fileRef = E26EB42D2E01A5F900518C00 /* WeatherFileService.swift */; };
		E26EB4342E01A62D00518C00 /* ProtocolMapperImpl.swift in Sources */ = {isa = PBXBuildFile; fileRef = E26EB4322E01A62D00518C00 /* ProtocolMapperImpl.swift */; };
		E26EB4432E01A64700518C00 /* DataService.swift in Sources */ = {isa = PBXBuildFile; fileRef = E26EB4402E01A64700518C00 /* DataService.swift */; };
		E26EB4452E01A64700518C00 /* FileServiceImpl.swift in Sources */ = {isa = PBXBuildFile; fileRef = E26EB43D2E01A64700518C00 /* FileServiceImpl.swift */; };
		E26EB4462E01A64700518C00 /* RemoteServiceImpl.swift in Sources */ = {isa = PBXBuildFile; fileRef = E26EB43E2E01A64700518C00 /* RemoteServiceImpl.swift */; };
		E26EB44A2E01A99A00518C00 /* FileDataService.swift in Sources */ = {isa = PBXBuildFile; fileRef = E26EB4492E01A99A00518C00 /* FileDataService.swift */; };
		E26EB44C2E01A9A200518C00 /* ProtocolMapper.swift in Sources */ = {isa = PBXBuildFile; fileRef = E26EB44B2E01A9A200518C00 /* ProtocolMapper.swift */; };
		E26EB44E2E01A9AB00518C00 /* RemoteDataService.swift in Sources */ = {isa = PBXBuildFile; fileRef = E26EB44D2E01A9AB00518C00 /* RemoteDataService.swift */; };
		E26EB4522E01BE9100518C00 /* AppLoggerImpl.swift in Sources */ = {isa = PBXBuildFile; fileRef = E26EB44F2E01BE9100518C00 /* AppLoggerImpl.swift */; };
		E26EB4532E01BE9100518C00 /* LoggerFactoryImpl.swift in Sources */ = {isa = PBXBuildFile; fileRef = E26EB4502E01BE9100518C00 /* LoggerFactoryImpl.swift */; };
		E26EB4542E01BE9100518C00 /* LoggingConfiguration.swift in Sources */ = {isa = PBXBuildFile; fileRef = E26EB4512E01BE9100518C00 /* LoggingConfiguration.swift */; };
		E26EB4562E01BEA600518C00 /* Extension+Logger.swift in Sources */ = {isa = PBXBuildFile; fileRef = E26EB4552E01BEA600518C00 /* Extension+Logger.swift */; };
		E26EB4682E01FA5900518C00 /* NetworkService.swift in Sources */ = {isa = PBXBuildFile; fileRef = E26EB4672E01FA5900518C00 /* NetworkService.swift */; };
		E26EB4692E01FA5900518C00 /* NetworkServiceImpl.swift in Sources */ = {isa = PBXBuildFile; fileRef = E26EB4662E01FA5900518C00 /* NetworkServiceImpl.swift */; };
		E26EB46C2E01FA6500518C00 /* AnalyticsServiceImpl.swift in Sources */ = {isa = PBXBuildFile; fileRef = E26EB46A2E01FA6500518C00 /* AnalyticsServiceImpl.swift */; };
		E26EB46E2E01FB2600518C00 /* HTTPMethod.swift in Sources */ = {isa = PBXBuildFile; fileRef = E26EB46D2E01FB2600518C00 /* HTTPMethod.swift */; };
		E26EB4722E02026D00518C00 /* AnalyticsService.swift in Sources */ = {isa = PBXBuildFile; fileRef = E26EB4712E02026D00518C00 /* AnalyticsService.swift */; };
		E26EB4742E0202C600518C00 /* AppLogger.swift in Sources */ = {isa = PBXBuildFile; fileRef = E26EB4732E0202C600518C00 /* AppLogger.swift */; };
		E26EB4762E02030D00518C00 /* LoggerFactory.swift in Sources */ = {isa = PBXBuildFile; fileRef = E26EB4752E02030D00518C00 /* LoggerFactory.swift */; };
		E29A84892E02B84B0082F24B /* WeatherEntity.swift in Sources */ = {isa = PBXBuildFile; fileRef = E29A84882E02B84B0082F24B /* WeatherEntity.swift */; };
		E29A848B2E02B8600082F24B /* WeatherRepositoryImpl.swift in Sources */ = {isa = PBXBuildFile; fileRef = E29A848A2E02B8600082F24B /* WeatherRepositoryImpl.swift */; };
		E29A84952E02B87B0082F24B /* weather_success.json in Resources */ = {isa = PBXBuildFile; fileRef = E29A848F2E02B87B0082F24B /* weather_success.json */; };
		E29A84962E02B87B0082F24B /* weather_error.json in Resources */ = {isa = PBXBuildFile; fileRef = E29A848D2E02B87B0082F24B /* weather_error.json */; };
		E29A84972E02B87B0082F24B /* Assets.xcassets in Resources */ = {isa = PBXBuildFile; fileRef = E29A84912E02B87B0082F24B /* Assets.xcassets */; };
		E29A84982E02B87B0082F24B /* weather_empty.json in Resources */ = {isa = PBXBuildFile; fileRef = E29A848C2E02B87B0082F24B /* weather_empty.json */; };
		E29A84992E02B87B0082F24B /* weather_data.json in Resources */ = {isa = PBXBuildFile; fileRef = E29A84932E02B87B0082F24B /* weather_data.json */; };
		E29A849A2E02B87B0082F24B /* MASTERING_DATA_IOS.md in Resources */ = {isa = PBXBuildFile; fileRef = E29A84922E02B87B0082F24B /* MASTERING_DATA_IOS.md */; };
		E29A849B2E02B87B0082F24B /* weather_partial.json in Resources */ = {isa = PBXBuildFile; fileRef = E29A848E2E02B87B0082F24B /* weather_partial.json */; };
		E29A849E2E02B89C0082F24B /* SwiftDataContainer.swift in Sources */ = {isa = PBXBuildFile; fileRef = E29A849C2E02B89C0082F24B /* SwiftDataContainer.swift */; };
		E29A84A12E02B8A50082F24B /* SecureStorageService.swift in Sources */ = {isa = PBXBuildFile; fileRef = E29A849F2E02B8A50082F24B /* SecureStorageService.swift */; };
		E29A84A52E02B8AB0082F24B /* MockDataLoader.swift in Sources */ = {isa = PBXBuildFile; fileRef = E29A84A22E02B8AB0082F24B /* MockDataLoader.swift */; };
		E29A84A62E02B8AB0082F24B /* MockNetworkService.swift in Sources */ = {isa = PBXBuildFile; fileRef = E29A84A32E02B8AB0082F24B /* MockNetworkService.swift */; };
		E29A84A82E02B8C10082F24B /* NSCacheServiceImpl.swift in Sources */ = {isa = PBXBuildFile; fileRef = E29A84A72E02B8C10082F24B /* NSCacheServiceImpl.swift */; };
		E29A84B12E02CCC40082F24B /* BaseRepository.swift in Sources */ = {isa = PBXBuildFile; fileRef = E29A84AF2E02CCC40082F24B /* BaseRepository.swift */; };
		E29A84D42E02DCD20082F24B /* WeatherCacheDataSourceImpl.swift in Sources */ = {isa = PBXBuildFile; fileRef = E29A84CF2E02DCD20082F24B /* WeatherCacheDataSourceImpl.swift */; };
		E29A84D52E02DCD20082F24B /* WeatherRemoteDataSourceImpl.swift in Sources */ = {isa = PBXBuildFile; fileRef = E29A84D32E02DCD20082F24B /* WeatherRemoteDataSourceImpl.swift */; };
		E29A84D62E02DCD20082F24B /* WeatherPersistenceDataSourceImpl.swift in Sources */ = {isa = PBXBuildFile; fileRef = E29A84D22E02DCD20082F24B /* WeatherPersistenceDataSourceImpl.swift */; };
		E29A84D72E02DCD20082F24B /* WeatherDataSources.swift in Sources */ = {isa = PBXBuildFile; fileRef = E29A84D12E02DCD20082F24B /* WeatherDataSources.swift */; };
		E29A84D82E02DCD20082F24B /* WeatherDataAccessStrategy.swift in Sources */ = {isa = PBXBuildFile; fileRef = E29A84D02E02DCD20082F24B /* WeatherDataAccessStrategy.swift */; };
		E29A84E02E02F0B30082F24B /* WeatherDomainErrors.swift in Sources */ = {isa = PBXBuildFile; fileRef = E29A84DB2E02F0B30082F24B /* WeatherDomainErrors.swift */; };
		E29A84E12E02F0B30082F24B /* WeatherRepositoryHealthService.swift in Sources */ = {isa = PBXBuildFile; fileRef = E29A84DD2E02F0B30082F24B /* WeatherRepositoryHealthService.swift */; };
		E29A84E22E02F0B30082F24B /* WeatherRepositoryConfiguration.swift in Sources */ = {isa = PBXBuildFile; fileRef = E29A84DC2E02F0B30082F24B /* WeatherRepositoryConfiguration.swift */; };
		E29A84E52E02F7240082F24B /* GenericDataAccessStrategy.swift in Sources */ = {isa = PBXBuildFile; fileRef = E29A84E32E02F7240082F24B /* GenericDataAccessStrategy.swift */; };
		E29A84E62E02F7240082F24B /* GenericDataSources.swift in Sources */ = {isa = PBXBuildFile; fileRef = E29A84E42E02F7240082F24B /* GenericDataSources.swift */; };
		E29A84E82E02F7540082F24B /* GenericDataAccessStrategies.swift in Sources */ = {isa = PBXBuildFile; fileRef = E29A84E72E02F7540082F24B /* GenericDataAccessStrategies.swift */; };
		E2B37B292E01655300E46409 /* SceneDelegate.swift in Sources */ = {isa = PBXBuildFile; fileRef = E2B37B282E01655300E46409 /* SceneDelegate.swift */; };
		E2B37B2A2E01655300E46409 /* AppLifecycleManager.swift in Sources */ = {isa = PBXBuildFile; fileRef = E2B37B272E01655300E46409 /* AppLifecycleManager.swift */; };
		E2B37B2B2E01655300E46409 /* AppDelegate.swift in Sources */ = {isa = PBXBuildFile; fileRef = E2B37B262E01655300E46409 /* AppDelegate.swift */; };
		E2B37B322E01657500E46409 /* LoadingView.swift in Sources */ = {isa = PBXBuildFile; fileRef = E2B37B332E01657500E46409 /* LoadingView.swift */; };
/* End PBXBuildFile section */

/* Begin PBXContainerItemProxy section */
		6D139EBE2C23342C004DF286 /* PBXContainerItemProxy */ = {
			isa = PBXContainerItemProxy;
			containerPortal = 6D139EA52C23342A004DF286 /* Project object */;
			proxyType = 1;
			remoteGlobalIDString = 6D139EAC2C23342A004DF286;
			remoteInfo = ExampleMVVM;
		};
		6D139EC82C23342D004DF286 /* PBXContainerItemProxy */ = {
			isa = PBXContainerItemProxy;
			containerPortal = 6D139EA52C23342A004DF286 /* Project object */;
			proxyType = 1;
			remoteGlobalIDString = 6D139EAC2C23342A004DF286;
			remoteInfo = ExampleMVVM;
		};
/* End PBXContainerItemProxy section */

/* Begin PBXFileReference section */
		2321F788F2CA4F1B9E27C682 /* RootView.swift */ = {isa = PBXFileReference; lastKnownFileType = sourcecode.swift; path = RootView.swift; sourceTree = "<group>"; };
		6D139EAD2C23342A004DF286 /* StarterApp.app */ = {isa = PBXFileReference; explicitFileType = wrapper.application; includeInIndex = 0; path = StarterApp.app; sourceTree = BUILT_PRODUCTS_DIR; };
		6D139EB02C23342A004DF286 /* AppRoot.swift */ = {isa = PBXFileReference; lastKnownFileType = sourcecode.swift; path = AppRoot.swift; sourceTree = "<group>"; };
		6D139EB42C23342C004DF286 /* Assets.xcassets */ = {isa = PBXFileReference; lastKnownFileType = folder.assetcatalog; path = Assets.xcassets; sourceTree = "<group>"; };
		6D139EB72C23342C004DF286 /* Preview Assets.xcassets */ = {isa = PBXFileReference; lastKnownFileType = folder.assetcatalog; path = "Preview Assets.xcassets"; sourceTree = "<group>"; };
		6D139EBD2C23342C004DF286 /* StarterAppTests.xctest */ = {isa = PBXFileReference; explicitFileType = wrapper.cfbundle; includeInIndex = 0; path = StarterAppTests.xctest; sourceTree = BUILT_PRODUCTS_DIR; };
		6D139EC12C23342C004DF286 /* StarterAppTests.swift */ = {isa = PBXFileReference; lastKnownFileType = sourcecode.swift; path = StarterAppTests.swift; sourceTree = "<group>"; };
		6D139EC72C23342D004DF286 /* StarterAppUITests.xctest */ = {isa = PBXFileReference; explicitFileType = wrapper.cfbundle; includeInIndex = 0; path = StarterAppUITests.xctest; sourceTree = BUILT_PRODUCTS_DIR; };
		6D139ECB2C23342D004DF286 /* StarterAppUITests.swift */ = {isa = PBXFileReference; lastKnownFileType = sourcecode.swift; path = StarterAppUITests.swift; sourceTree = "<group>"; };
		6D139ECD2C23342D004DF286 /* StarterAppUITestsLaunchTests.swift */ = {isa = PBXFileReference; lastKnownFileType = sourcecode.swift; path = StarterAppUITestsLaunchTests.swift; sourceTree = "<group>"; };
		6D139EDE2C2334E7004DF286 /* WeatherModel.swift */ = {isa = PBXFileReference; lastKnownFileType = sourcecode.swift; path = WeatherModel.swift; sourceTree = "<group>"; };
		6D139EE42C2335C0004DF286 /* CityModel.swift */ = {isa = PBXFileReference; lastKnownFileType = sourcecode.swift; path = CityModel.swift; sourceTree = "<group>"; };
		6D139EE62C2335E4004DF286 /* TemperatureModel.swift */ = {isa = PBXFileReference; lastKnownFileType = sourcecode.swift; path = TemperatureModel.swift; sourceTree = "<group>"; };
		6D139EF72C23381D004DF286 /* WeatherRowView.swift */ = {isa = PBXFileReference; lastKnownFileType = sourcecode.swift; path = WeatherRowView.swift; sourceTree = "<group>"; };
		6D139F012C233D4E004DF286 /* WeatherAPIConfiguration.swift */ = {isa = PBXFileReference; lastKnownFileType = sourcecode.swift; path = WeatherAPIConfiguration.swift; sourceTree = "<group>"; };
		6D139F032C23B8A6004DF286 /* Extension+Date.swift */ = {isa = PBXFileReference; lastKnownFileType = sourcecode.swift; path = "Extension+Date.swift"; sourceTree = "<group>"; };
		6D139F062C23BB0F004DF286 /* AppConfiguration.swift */ = {isa = PBXFileReference; lastKnownFileType = sourcecode.swift; path = AppConfiguration.swift; sourceTree = "<group>"; };
		6D139F132C23C3AE004DF286 /* ConfigurationManagerTests.swift */ = {isa = PBXFileReference; lastKnownFileType = sourcecode.swift; path = ConfigurationManagerTests.swift; sourceTree = "<group>"; };
		6D139F152C23C3E5004DF286 /* APIClientTests.swift */ = {isa = PBXFileReference; lastKnownFileType = sourcecode.swift; path = APIClientTests.swift; sourceTree = "<group>"; };
		6D139F172C23C42E004DF286 /* WeatherRepositoryTests.swift */ = {isa = PBXFileReference; lastKnownFileType = sourcecode.swift; path = WeatherRepositoryTests.swift; sourceTree = "<group>"; };
		6D139F192C23C450004DF286 /* FetchWeatherUseCaseTests.swift */ = {isa = PBXFileReference; lastKnownFileType = sourcecode.swift; path = FetchWeatherUseCaseTests.swift; sourceTree = "<group>"; };
		6D139F1B2C23C47A004DF286 /* WeatherViewModelTests.swift */ = {isa = PBXFileReference; lastKnownFileType = sourcecode.swift; path = WeatherViewModelTests.swift; sourceTree = "<group>"; };
		6D139F202C23C9C2004DF286 /* JSONLoader.swift */ = {isa = PBXFileReference; lastKnownFileType = sourcecode.swift; path = JSONLoader.swift; sourceTree = "<group>"; };
		6D139F332C23DA35004DF286 /* weather_data.json */ = {isa = PBXFileReference; fileEncoding = 4; lastKnownFileType = text.json; path = weather_data.json; sourceTree = "<group>"; };
		892C6B7701614627BBBC784B /* WeatherView.swift */ = {isa = PBXFileReference; lastKnownFileType = sourcecode.swift; path = WeatherView.swift; sourceTree = "<group>"; };
		95D1D6172414486FAAD18586 /* SettingsView.swift */ = {isa = PBXFileReference; lastKnownFileType = sourcecode.swift; path = SettingsView.swift; sourceTree = "<group>"; };
		AB36A261E7384715BDF060DE /* AppContainer.swift */ = {isa = PBXFileReference; lastKnownFileType = sourcecode.swift; path = AppContainer.swift; sourceTree = "<group>"; };
		C593E1CDF677418AA6C913C5 /* WeatherStore.swift */ = {isa = PBXFileReference; lastKnownFileType = sourcecode.swift; path = WeatherStore.swift; sourceTree = "<group>"; };
		E26EB4012E01888B00518C00 /* WeatherRepository.swift */ = {isa = PBXFileReference; lastKnownFileType = sourcecode.swift; path = WeatherRepository.swift; sourceTree = "<group>"; };
		E26EB4062E018B3600518C00 /* WeatherApiDTO.swift */ = {isa = PBXFileReference; lastKnownFileType = sourcecode.swift; path = WeatherApiDTO.swift; sourceTree = "<group>"; };
		E26EB40B2E018BC700518C00 /* WeatherConditionModel.swift */ = {isa = PBXFileReference; lastKnownFileType = sourcecode.swift; path = WeatherConditionModel.swift; sourceTree = "<group>"; };
		E26EB40D2E018BE000518C00 /* ForecastModel.swift */ = {isa = PBXFileReference; lastKnownFileType = sourcecode.swift; path = ForecastModel.swift; sourceTree = "<group>"; };
		E26EB4292E01A5E300518C00 /* WeatherProtocolMapper.swift */ = {isa = PBXFileReference; lastKnownFileType = sourcecode.swift; path = WeatherProtocolMapper.swift; sourceTree = "<group>"; };
		E26EB42D2E01A5F900518C00 /* WeatherFileService.swift */ = {isa = PBXFileReference; lastKnownFileType = sourcecode.swift; path = WeatherFileService.swift; sourceTree = "<group>"; };
		E26EB42E2E01A5F900518C00 /* WeatherRemoteService.swift */ = {isa = PBXFileReference; lastKnownFileType = sourcecode.swift; path = WeatherRemoteService.swift; sourceTree = "<group>"; };
		E26EB4322E01A62D00518C00 /* ProtocolMapperImpl.swift */ = {isa = PBXFileReference; lastKnownFileType = sourcecode.swift; path = ProtocolMapperImpl.swift; sourceTree = "<group>"; };
		E26EB43D2E01A64700518C00 /* FileServiceImpl.swift */ = {isa = PBXFileReference; lastKnownFileType = sourcecode.swift; path = FileServiceImpl.swift; sourceTree = "<group>"; };
		E26EB43E2E01A64700518C00 /* RemoteServiceImpl.swift */ = {isa = PBXFileReference; lastKnownFileType = sourcecode.swift; path = RemoteServiceImpl.swift; sourceTree = "<group>"; };
		E26EB4402E01A64700518C00 /* DataService.swift */ = {isa = PBXFileReference; lastKnownFileType = sourcecode.swift; path = DataService.swift; sourceTree = "<group>"; };
		E26EB4492E01A99A00518C00 /* FileDataService.swift */ = {isa = PBXFileReference; lastKnownFileType = sourcecode.swift; path = FileDataService.swift; sourceTree = "<group>"; };
		E26EB44B2E01A9A200518C00 /* ProtocolMapper.swift */ = {isa = PBXFileReference; lastKnownFileType = sourcecode.swift; path = ProtocolMapper.swift; sourceTree = "<group>"; };
		E26EB44D2E01A9AB00518C00 /* RemoteDataService.swift */ = {isa = PBXFileReference; lastKnownFileType = sourcecode.swift; path = RemoteDataService.swift; sourceTree = "<group>"; };
		E26EB44F2E01BE9100518C00 /* AppLoggerImpl.swift */ = {isa = PBXFileReference; lastKnownFileType = sourcecode.swift; path = AppLoggerImpl.swift; sourceTree = "<group>"; };
		E26EB4502E01BE9100518C00 /* LoggerFactoryImpl.swift */ = {isa = PBXFileReference; lastKnownFileType = sourcecode.swift; path = LoggerFactoryImpl.swift; sourceTree = "<group>"; };
		E26EB4512E01BE9100518C00 /* LoggingConfiguration.swift */ = {isa = PBXFileReference; lastKnownFileType = sourcecode.swift; path = LoggingConfiguration.swift; sourceTree = "<group>"; };
		E26EB4552E01BEA600518C00 /* Extension+Logger.swift */ = {isa = PBXFileReference; lastKnownFileType = sourcecode.swift; path = "Extension+Logger.swift"; sourceTree = "<group>"; };
		E26EB4662E01FA5900518C00 /* NetworkServiceImpl.swift */ = {isa = PBXFileReference; lastKnownFileType = sourcecode.swift; path = NetworkServiceImpl.swift; sourceTree = "<group>"; };
		E26EB4672E01FA5900518C00 /* NetworkService.swift */ = {isa = PBXFileReference; lastKnownFileType = sourcecode.swift; path = NetworkService.swift; sourceTree = "<group>"; };
		E26EB46A2E01FA6500518C00 /* AnalyticsServiceImpl.swift */ = {isa = PBXFileReference; lastKnownFileType = sourcecode.swift; path = AnalyticsServiceImpl.swift; sourceTree = "<group>"; };
		E26EB46D2E01FB2600518C00 /* HTTPMethod.swift */ = {isa = PBXFileReference; lastKnownFileType = sourcecode.swift; path = HTTPMethod.swift; sourceTree = "<group>"; };
		E26EB4712E02026D00518C00 /* AnalyticsService.swift */ = {isa = PBXFileReference; lastKnownFileType = sourcecode.swift; path = AnalyticsService.swift; sourceTree = "<group>"; };
		E26EB4732E0202C600518C00 /* AppLogger.swift */ = {isa = PBXFileReference; lastKnownFileType = sourcecode.swift; path = AppLogger.swift; sourceTree = "<group>"; };
		E26EB4752E02030D00518C00 /* LoggerFactory.swift */ = {isa = PBXFileReference; lastKnownFileType = sourcecode.swift; path = LoggerFactory.swift; sourceTree = "<group>"; };
		E29A84882E02B84B0082F24B /* WeatherEntity.swift */ = {isa = PBXFileReference; lastKnownFileType = sourcecode.swift; path = WeatherEntity.swift; sourceTree = "<group>"; };
		E29A848A2E02B8600082F24B /* WeatherRepositoryImpl.swift */ = {isa = PBXFileReference; lastKnownFileType = sourcecode.swift; path = WeatherRepositoryImpl.swift; sourceTree = "<group>"; };
		E29A848C2E02B87B0082F24B /* weather_empty.json */ = {isa = PBXFileReference; lastKnownFileType = text.json; path = weather_empty.json; sourceTree = "<group>"; };
		E29A848D2E02B87B0082F24B /* weather_error.json */ = {isa = PBXFileReference; lastKnownFileType = text.json; path = weather_error.json; sourceTree = "<group>"; };
		E29A848E2E02B87B0082F24B /* weather_partial.json */ = {isa = PBXFileReference; lastKnownFileType = text.json; path = weather_partial.json; sourceTree = "<group>"; };
		E29A848F2E02B87B0082F24B /* weather_success.json */ = {isa = PBXFileReference; lastKnownFileType = text.json; path = weather_success.json; sourceTree = "<group>"; };
		E29A84912E02B87B0082F24B /* Assets.xcassets */ = {isa = PBXFileReference; lastKnownFileType = folder.assetcatalog; path = Assets.xcassets; sourceTree = "<group>"; };
		E29A84922E02B87B0082F24B /* MASTERING_DATA_IOS.md */ = {isa = PBXFileReference; lastKnownFileType = net.daringfireball.markdown; path = MASTERING_DATA_IOS.md; sourceTree = "<group>"; };
		E29A84932E02B87B0082F24B /* weather_data.json */ = {isa = PBXFileReference; lastKnownFileType = text.json; path = weather_data.json; sourceTree = "<group>"; };
		E29A849C2E02B89C0082F24B /* SwiftDataContainer.swift */ = {isa = PBXFileReference; lastKnownFileType = sourcecode.swift; path = SwiftDataContainer.swift; sourceTree = "<group>"; };
		E29A849F2E02B8A50082F24B /* SecureStorageService.swift */ = {isa = PBXFileReference; lastKnownFileType = sourcecode.swift; path = SecureStorageService.swift; sourceTree = "<group>"; };
		E29A84A22E02B8AB0082F24B /* MockDataLoader.swift */ = {isa = PBXFileReference; lastKnownFileType = sourcecode.swift; path = MockDataLoader.swift; sourceTree = "<group>"; };
		E29A84A32E02B8AB0082F24B /* MockNetworkService.swift */ = {isa = PBXFileReference; lastKnownFileType = sourcecode.swift; path = MockNetworkService.swift; sourceTree = "<group>"; };
		E29A84A72E02B8C10082F24B /* NSCacheServiceImpl.swift */ = {isa = PBXFileReference; lastKnownFileType = sourcecode.swift; path = NSCacheServiceImpl.swift; sourceTree = "<group>"; };
		E29A84AF2E02CCC40082F24B /* BaseRepository.swift */ = {isa = PBXFileReference; lastKnownFileType = sourcecode.swift; path = BaseRepository.swift; sourceTree = "<group>"; };
		E29A84CF2E02DCD20082F24B /* WeatherCacheDataSourceImpl.swift */ = {isa = PBXFileReference; lastKnownFileType = sourcecode.swift; path = WeatherCacheDataSourceImpl.swift; sourceTree = "<group>"; };
		E29A84D02E02DCD20082F24B /* WeatherDataAccessStrategy.swift */ = {isa = PBXFileReference; lastKnownFileType = sourcecode.swift; path = WeatherDataAccessStrategy.swift; sourceTree = "<group>"; };
		E29A84D12E02DCD20082F24B /* WeatherDataSources.swift */ = {isa = PBXFileReference; lastKnownFileType = sourcecode.swift; path = WeatherDataSources.swift; sourceTree = "<group>"; };
		E29A84D22E02DCD20082F24B /* WeatherPersistenceDataSourceImpl.swift */ = {isa = PBXFileReference; lastKnownFileType = sourcecode.swift; path = WeatherPersistenceDataSourceImpl.swift; sourceTree = "<group>"; };
		E29A84D32E02DCD20082F24B /* WeatherRemoteDataSourceImpl.swift */ = {isa = PBXFileReference; lastKnownFileType = sourcecode.swift; path = WeatherRemoteDataSourceImpl.swift; sourceTree = "<group>"; };
		E29A84DB2E02F0B30082F24B /* WeatherDomainErrors.swift */ = {isa = PBXFileReference; lastKnownFileType = sourcecode.swift; path = WeatherDomainErrors.swift; sourceTree = "<group>"; };
		E29A84DC2E02F0B30082F24B /* WeatherRepositoryConfiguration.swift */ = {isa = PBXFileReference; lastKnownFileType = sourcecode.swift; path = WeatherRepositoryConfiguration.swift; sourceTree = "<group>"; };
		E29A84DD2E02F0B30082F24B /* WeatherRepositoryHealthService.swift */ = {isa = PBXFileReference; lastKnownFileType = sourcecode.swift; path = WeatherRepositoryHealthService.swift; sourceTree = "<group>"; };
		E29A84E32E02F7240082F24B /* GenericDataAccessStrategy.swift */ = {isa = PBXFileReference; lastKnownFileType = sourcecode.swift; path = GenericDataAccessStrategy.swift; sourceTree = "<group>"; };
		E29A84E42E02F7240082F24B /* GenericDataSources.swift */ = {isa = PBXFileReference; lastKnownFileType = sourcecode.swift; path = GenericDataSources.swift; sourceTree = "<group>"; };
		E29A84E72E02F7540082F24B /* GenericDataAccessStrategies.swift */ = {isa = PBXFileReference; lastKnownFileType = sourcecode.swift; path = GenericDataAccessStrategies.swift; sourceTree = "<group>"; };
		E2B37B262E01655300E46409 /* AppDelegate.swift */ = {isa = PBXFileReference; lastKnownFileType = sourcecode.swift; path = AppDelegate.swift; sourceTree = "<group>"; };
		E2B37B272E01655300E46409 /* AppLifecycleManager.swift */ = {isa = PBXFileReference; lastKnownFileType = sourcecode.swift; path = AppLifecycleManager.swift; sourceTree = "<group>"; };
		E2B37B282E01655300E46409 /* SceneDelegate.swift */ = {isa = PBXFileReference; lastKnownFileType = sourcecode.swift; path = SceneDelegate.swift; sourceTree = "<group>"; };
		E2B37B332E01657500E46409 /* LoadingView.swift */ = {isa = PBXFileReference; lastKnownFileType = sourcecode.swift; path = LoadingView.swift; sourceTree = "<group>"; };
/* End PBXFileReference section */

/* Begin PBXFrameworksBuildPhase section */
		6D139EAA2C23342A004DF286 /* Frameworks */ = {
			isa = PBXFrameworksBuildPhase;
			buildActionMask = 2147483647;
			files = (
			);
			runOnlyForDeploymentPostprocessing = 0;
		};
		6D139EBA2C23342C004DF286 /* Frameworks */ = {
			isa = PBXFrameworksBuildPhase;
			buildActionMask = 2147483647;
			files = (
			);
			runOnlyForDeploymentPostprocessing = 0;
		};
		6D139EC42C23342D004DF286 /* Frameworks */ = {
			isa = PBXFrameworksBuildPhase;
			buildActionMask = 2147483647;
			files = (
			);
			runOnlyForDeploymentPostprocessing = 0;
		};
/* End PBXFrameworksBuildPhase section */

/* Begin PBXGroup section */
		2321F788F2CA4F1B9E27C683 /* Views */ = {
			isa = PBXGroup;
			children = (
				2321F788F2CA4F1B9E27C682 /* RootView.swift */,
			);
			path = Views;
			sourceTree = "<group>";
		};
		6D139EA42C23342A004DF286 = {
			isa = PBXGroup;
			children = (
				6D139EAF2C23342A004DF286 /* StarterApp */,
				6D139EC02C23342C004DF286 /* StarterAppTests */,
				6D139ECA2C23342D004DF286 /* StarterAppUITests */,
				6D139EAE2C23342A004DF286 /* Products */,
			);
			sourceTree = "<group>";
		};
		6D139EAE2C23342A004DF286 /* Products */ = {
			isa = PBXGroup;
			children = (
				6D139EAD2C23342A004DF286 /* StarterApp.app */,
				6D139EBD2C23342C004DF286 /* StarterAppTests.xctest */,
				6D139EC72C23342D004DF286 /* StarterAppUITests.xctest */,
			);
			name = Products;
			sourceTree = "<group>";
		};
		6D139EAF2C23342A004DF286 /* StarterApp */ = {
			isa = PBXGroup;
			children = (
				E29A84942E02B87B0082F24B /* Resources */,
				6D139F002C233AB6004DF286 /* App */,
				E2B37B342E01657C00E46409 /* Features */,
				E2B37B352E01658300E46409 /* Shared */,
				2321F788F2CA4F1B9E27C683 /* Views */,
				6D139F252C23CB04004DF286 /* Resources */,
				6D139EB62C23342C004DF286 /* Preview Content */,
			);
			path = StarterApp;
			sourceTree = "<group>";
		};
		6D139EB62C23342C004DF286 /* Preview Content */ = {
			isa = PBXGroup;
			children = (
				6D139EB72C23342C004DF286 /* Preview Assets.xcassets */,
			);
			path = "Preview Content";
			sourceTree = "<group>";
		};
		6D139EC02C23342C004DF286 /* StarterAppTests */ = {
			isa = PBXGroup;
			children = (
				6D139F122C23C36F004DF286 /* Core */,
				6D139F112C23C363004DF286 /* Infrastructure */,
				6D139F102C23C358004DF286 /* Data */,
				6D139F0F2C23C349004DF286 /* Domain */,
				6D139F0E2C23C33B004DF286 /* Presentation */,
				6D139EC12C23342C004DF286 /* StarterAppTests.swift */,
			);
			path = StarterAppTests;
			sourceTree = "<group>";
		};
		6D139ECA2C23342D004DF286 /* StarterAppUITests */ = {
			isa = PBXGroup;
			children = (
				6D139ECB2C23342D004DF286 /* StarterAppUITests.swift */,
				6D139ECD2C23342D004DF286 /* StarterAppUITestsLaunchTests.swift */,
			);
			path = StarterAppUITests;
			sourceTree = "<group>";
		};
		6D139EDB2C233488004DF286 /* Models */ = {
			isa = PBXGroup;
			children = (
				E26EB40D2E018BE000518C00 /* ForecastModel.swift */,
				6D139EDE2C2334E7004DF286 /* WeatherModel.swift */,
				6D139EE42C2335C0004DF286 /* CityModel.swift */,
				6D139EE62C2335E4004DF286 /* TemperatureModel.swift */,
				E26EB40B2E018BC700518C00 /* WeatherConditionModel.swift */,
			);
			path = Models;
			sourceTree = "<group>";
		};
		6D139EFA2C2338F0004DF286 /* Extensions */ = {
			isa = PBXGroup;
			children = (
				E26EB4552E01BEA600518C00 /* Extension+Logger.swift */,
				6D139F032C23B8A6004DF286 /* Extension+Date.swift */,
			);
			path = Extensions;
			sourceTree = "<group>";
		};
		6D139EFD2C233942004DF286 /* Network */ = {
			isa = PBXGroup;
			children = (
				E26EB46D2E01FB2600518C00 /* HTTPMethod.swift */,
				E26EB4662E01FA5900518C00 /* NetworkServiceImpl.swift */,
				E26EB4672E01FA5900518C00 /* NetworkService.swift */,
				6D139F0B2C23C111004DF286 /* Configuration */,
			);
			path = Network;
			sourceTree = "<group>";
		};
		6D139F002C233AB6004DF286 /* App */ = {
			isa = PBXGroup;
			children = (
				E2B37B262E01655300E46409 /* AppDelegate.swift */,
				E2B37B272E01655300E46409 /* AppLifecycleManager.swift */,
				E2B37B282E01655300E46409 /* SceneDelegate.swift */,
				AB36A261E7384715BDF060DE /* AppContainer.swift */,
				6D139EB02C23342A004DF286 /* AppRoot.swift */,
				6D139F062C23BB0F004DF286 /* AppConfiguration.swift */,
			);
			path = App;
			sourceTree = "<group>";
		};
		6D139F0B2C23C111004DF286 /* Configuration */ = {
			isa = PBXGroup;
			children = (
				6D139F012C233D4E004DF286 /* WeatherAPIConfiguration.swift */,
			);
			path = Configuration;
			sourceTree = "<group>";
		};
		6D139F0E2C23C33B004DF286 /* Presentation */ = {
			isa = PBXGroup;
			children = (
				6D139F1B2C23C47A004DF286 /* WeatherViewModelTests.swift */,
			);
			path = Presentation;
			sourceTree = "<group>";
		};
		6D139F0F2C23C349004DF286 /* Domain */ = {
			isa = PBXGroup;
			children = (
				6D139F192C23C450004DF286 /* FetchWeatherUseCaseTests.swift */,
			);
			path = Domain;
			sourceTree = "<group>";
		};
		6D139F102C23C358004DF286 /* Data */ = {
			isa = PBXGroup;
			children = (
				6D139F172C23C42E004DF286 /* WeatherRepositoryTests.swift */,
			);
			path = Data;
			sourceTree = "<group>";
		};
		6D139F112C23C363004DF286 /* Infrastructure */ = {
			isa = PBXGroup;
			children = (
				6D139F152C23C3E5004DF286 /* APIClientTests.swift */,
			);
			path = Infrastructure;
			sourceTree = "<group>";
		};
		6D139F122C23C36F004DF286 /* Core */ = {
			isa = PBXGroup;
			children = (
				6D139F132C23C3AE004DF286 /* ConfigurationManagerTests.swift */,
			);
			path = Core;
			sourceTree = "<group>";
		};
		6D139F252C23CB04004DF286 /* Resources */ = {
			isa = PBXGroup;
			children = (
				6D139EB42C23342C004DF286 /* Assets.xcassets */,
				6D139F332C23DA35004DF286 /* weather_data.json */,
			);
			path = Resources;
			sourceTree = "<group>";
		};
		C593E1CDF677418AA6C913C6 /* Stores */ = {
			isa = PBXGroup;
			children = (
				C593E1CDF677418AA6C913C5 /* WeatherStore.swift */,
			);
			path = Stores;
			sourceTree = "<group>";
		};
		E26EB3E82E0182C600518C00 /* Settings */ = {
			isa = PBXGroup;
			children = (
				95D1D6172414486FAAD18586 /* SettingsView.swift */,
			);
			path = Settings;
			sourceTree = "<group>";
		};
		E26EB3EF2E01863800518C00 /* SwiftData */ = {
			isa = PBXGroup;
			children = (
				E29A84882E02B84B0082F24B /* WeatherEntity.swift */,
			);
			path = SwiftData;
			sourceTree = "<group>";
		};
		E26EB3F72E01863800518C00 /* Repositories */ = {
			isa = PBXGroup;
			children = (
				E26EB4012E01888B00518C00 /* WeatherRepository.swift */,
				E29A848A2E02B8600082F24B /* WeatherRepositoryImpl.swift */,
			);
			path = Repositories;
			sourceTree = "<group>";
		};
		E26EB3F82E01863800518C00 /* Data */ = {
			isa = PBXGroup;
			children = (
				E29A84A92E02C2600082F24B /* Models */,
				E26EB42F2E01A5F900518C00 /* Services */,
				E26EB4042E018B2C00518C00 /* Mappers */,
				E26EB3F72E01863800518C00 /* Repositories */,
			);
			path = Data;
			sourceTree = "<group>";
		};
		E26EB4042E018B2C00518C00 /* Mappers */ = {
			isa = PBXGroup;
			children = (
				E26EB4292E01A5E300518C00 /* WeatherProtocolMapper.swift */,
			);
			path = Mappers;
			sourceTree = "<group>";
		};
		E26EB4082E018B3600518C00 /* DTOs */ = {
			isa = PBXGroup;
			children = (
				E26EB4062E018B3600518C00 /* WeatherApiDTO.swift */,
			);
			path = DTOs;
			sourceTree = "<group>";
		};
		E26EB42F2E01A5F900518C00 /* Services */ = {
			isa = PBXGroup;
			children = (
				E29A84DB2E02F0B30082F24B /* WeatherDomainErrors.swift */,
				E29A84DC2E02F0B30082F24B /* WeatherRepositoryConfiguration.swift */,
				E29A84DD2E02F0B30082F24B /* WeatherRepositoryHealthService.swift */,
				E29A84CF2E02DCD20082F24B /* WeatherCacheDataSourceImpl.swift */,
				E29A84D02E02DCD20082F24B /* WeatherDataAccessStrategy.swift */,
				E29A84D12E02DCD20082F24B /* WeatherDataSources.swift */,
				E29A84D22E02DCD20082F24B /* WeatherPersistenceDataSourceImpl.swift */,
				E29A84D32E02DCD20082F24B /* WeatherRemoteDataSourceImpl.swift */,
				E26EB42D2E01A5F900518C00 /* WeatherFileService.swift */,
				E26EB42E2E01A5F900518C00 /* WeatherRemoteService.swift */,
			);
			path = Services;
			sourceTree = "<group>";
		};
		E26EB4332E01A62D00518C00 /* Mappers */ = {
			isa = PBXGroup;
			children = (
				E26EB4322E01A62D00518C00 /* ProtocolMapperImpl.swift */,
			);
			path = Mappers;
			sourceTree = "<group>";
		};
		E26EB43F2E01A64700518C00 /* Base */ = {
			isa = PBXGroup;
			children = (
				E29A84E72E02F7540082F24B /* GenericDataAccessStrategies.swift */,
				E29A84A72E02B8C10082F24B /* NSCacheServiceImpl.swift */,
				E26EB43D2E01A64700518C00 /* FileServiceImpl.swift */,
				E26EB43E2E01A64700518C00 /* RemoteServiceImpl.swift */,
			);
			path = Base;
			sourceTree = "<group>";
		};
		E26EB4412E01A64700518C00 /* Protocols */ = {
			isa = PBXGroup;
			children = (
				E29A84E32E02F7240082F24B /* GenericDataAccessStrategy.swift */,
				E29A84E42E02F7240082F24B /* GenericDataSources.swift */,
				E29A84AF2E02CCC40082F24B /* BaseRepository.swift */,
				E26EB4402E01A64700518C00 /* DataService.swift */,
				E26EB44D2E01A9AB00518C00 /* RemoteDataService.swift */,
				E26EB44B2E01A9A200518C00 /* ProtocolMapper.swift */,
				E26EB4492E01A99A00518C00 /* FileDataService.swift */,
			);
			path = Protocols;
			sourceTree = "<group>";
		};
		E26EB4422E01A64700518C00 /* Services */ = {
			isa = PBXGroup;
			children = (
				E26EB43F2E01A64700518C00 /* Base */,
				E26EB4412E01A64700518C00 /* Protocols */,
			);
			path = Services;
			sourceTree = "<group>";
		};
		E26EB4572E01F84A00518C00 /* Logging */ = {
			isa = PBXGroup;
			children = (
				E26EB44F2E01BE9100518C00 /* AppLoggerImpl.swift */,
				E26EB4732E0202C600518C00 /* AppLogger.swift */,
				E26EB4502E01BE9100518C00 /* LoggerFactoryImpl.swift */,
				E26EB4752E02030D00518C00 /* LoggerFactory.swift */,
				E26EB4512E01BE9100518C00 /* LoggingConfiguration.swift */,
			);
			path = Logging;
			sourceTree = "<group>";
		};
		E26EB46B2E01FA6500518C00 /* Analytics */ = {
			isa = PBXGroup;
			children = (
				E26EB46A2E01FA6500518C00 /* AnalyticsServiceImpl.swift */,
				E26EB4712E02026D00518C00 /* AnalyticsService.swift */,
			);
			path = Analytics;
			sourceTree = "<group>";
		};
		E29A84902E02B87B0082F24B /* MockData */ = {
			isa = PBXGroup;
			children = (
				E29A848C2E02B87B0082F24B /* weather_empty.json */,
				E29A848D2E02B87B0082F24B /* weather_error.json */,
				E29A848E2E02B87B0082F24B /* weather_partial.json */,
				E29A848F2E02B87B0082F24B /* weather_success.json */,
			);
			path = MockData;
			sourceTree = "<group>";
		};
		E29A84942E02B87B0082F24B /* Resources */ = {
			isa = PBXGroup;
			children = (
				E29A84902E02B87B0082F24B /* MockData */,
				E29A84912E02B87B0082F24B /* Assets.xcassets */,
				E29A84922E02B87B0082F24B /* MASTERING_DATA_IOS.md */,
				E29A84932E02B87B0082F24B /* weather_data.json */,
			);
			path = Resources;
			sourceTree = "<group>";
		};
		E29A849D2E02B89C0082F24B /* Persistence */ = {
			isa = PBXGroup;
			children = (
				E29A849C2E02B89C0082F24B /* SwiftDataContainer.swift */,
			);
			path = Persistence;
			sourceTree = "<group>";
		};
		E29A84A02E02B8A50082F24B /* Security */ = {
			isa = PBXGroup;
			children = (
				E29A849F2E02B8A50082F24B /* SecureStorageService.swift */,
			);
			path = Security;
			sourceTree = "<group>";
		};
		E29A84A42E02B8AB0082F24B /* Testing */ = {
			isa = PBXGroup;
			children = (
				E29A84A22E02B8AB0082F24B /* MockDataLoader.swift */,
				E29A84A32E02B8AB0082F24B /* MockNetworkService.swift */,
			);
			path = Testing;
			sourceTree = "<group>";
		};
		E29A84A92E02C2600082F24B /* Models */ = {
			isa = PBXGroup;
			children = (
				E26EB4082E018B3600518C00 /* DTOs */,
				E26EB3EF2E01863800518C00 /* SwiftData */,
			);
			path = Models;
			sourceTree = "<group>";
		};
		E2B37B342E01657C00E46409 /* Features */ = {
			isa = PBXGroup;
			children = (
				E26EB3E82E0182C600518C00 /* Settings */,
				E2B37B362E01658A00E46409 /* Weather */,
			);
			path = Features;
			sourceTree = "<group>";
		};
		E2B37B352E01658300E46409 /* Shared */ = {
			isa = PBXGroup;
			children = (
				E26EB4572E01F84A00518C00 /* Logging */,
				E26EB4422E01A64700518C00 /* Services */,
				E26EB4332E01A62D00518C00 /* Mappers */,
				E2B37B382E01659800E46409 /* Infrastructure */,
				E2B37B392E01659F00E46409 /* UI */,
				6D139EFA2C2338F0004DF286 /* Extensions */,
			);
			path = Shared;
			sourceTree = "<group>";
		};
		E2B37B362E01658A00E46409 /* Weather */ = {
			isa = PBXGroup;
			children = (
				E26EB3F82E01863800518C00 /* Data */,
				E2B37B3C2E0165B400E46409 /* UI */,
				E2B37B3B2E0165AD00E46409 /* Domain */,
				C593E1CDF677418AA6C913C6 /* Stores */,
			);
			path = Weather;
			sourceTree = "<group>";
		};
		E2B37B382E01659800E46409 /* Infrastructure */ = {
			isa = PBXGroup;
			children = (
				E29A84A42E02B8AB0082F24B /* Testing */,
				E29A84A02E02B8A50082F24B /* Security */,
				E29A849D2E02B89C0082F24B /* Persistence */,
				E26EB46B2E01FA6500518C00 /* Analytics */,
				6D139EFD2C233942004DF286 /* Network */,
				E2B37B3D2E0165BB00E46409 /* Storage */,
			);
			path = Infrastructure;
			sourceTree = "<group>";
		};
		E2B37B392E01659F00E46409 /* UI */ = {
			isa = PBXGroup;
			children = (
				E2B37B3E2E0165C200E46409 /* Components */,
			);
			path = UI;
			sourceTree = "<group>";
		};
		E2B37B3B2E0165AD00E46409 /* Domain */ = {
			isa = PBXGroup;
			children = (
				6D139EDB2C233488004DF286 /* Models */,
			);
			path = Domain;
			sourceTree = "<group>";
		};
		E2B37B3C2E0165B400E46409 /* UI */ = {
			isa = PBXGroup;
			children = (
				892C6B7701614627BBBC784B /* WeatherView.swift */,
				6D139EF72C23381D004DF286 /* WeatherRowView.swift */,
			);
			path = UI;
			sourceTree = "<group>";
		};
		E2B37B3D2E0165BB00E46409 /* Storage */ = {
			isa = PBXGroup;
			children = (
				6D139F202C23C9C2004DF286 /* JSONLoader.swift */,
			);
			path = Storage;
			sourceTree = "<group>";
		};
		E2B37B3E2E0165C200E46409 /* Components */ = {
			isa = PBXGroup;
			children = (
				E2B37B332E01657500E46409 /* LoadingView.swift */,
			);
			path = Components;
			sourceTree = "<group>";
		};
/* End PBXGroup section */

/* Begin PBXNativeTarget section */
		6D139EAC2C23342A004DF286 /* StarterApp */ = {
			isa = PBXNativeTarget;
			buildConfigurationList = 6D139ED12C23342D004DF286 /* Build configuration list for PBXNativeTarget "StarterApp" */;
			buildPhases = (
				6D139EA92C23342A004DF286 /* Sources */,
				6D139EAA2C23342A004DF286 /* Frameworks */,
				6D139EAB2C23342A004DF286 /* Resources */,
			);
			buildRules = (
			);
			dependencies = (
			);
			name = StarterApp;
			productName = ExampleMVVM;
			productReference = 6D139EAD2C23342A004DF286 /* StarterApp.app */;
			productType = "com.apple.product-type.application";
		};
		6D139EBC2C23342C004DF286 /* StarterAppTests */ = {
			isa = PBXNativeTarget;
			buildConfigurationList = 6D139ED42C23342D004DF286 /* Build configuration list for PBXNativeTarget "StarterAppTests" */;
			buildPhases = (
				6D139EB92C23342C004DF286 /* Sources */,
				6D139EBA2C23342C004DF286 /* Frameworks */,
				6D139EBB2C23342C004DF286 /* Resources */,
			);
			buildRules = (
			);
			dependencies = (
				6D139EBF2C23342C004DF286 /* PBXTargetDependency */,
			);
			name = StarterAppTests;
			productName = ExampleMVVMTests;
			productReference = 6D139EBD2C23342C004DF286 /* StarterAppTests.xctest */;
			productType = "com.apple.product-type.bundle.unit-test";
		};
		6D139EC62C23342D004DF286 /* StarterAppUITests */ = {
			isa = PBXNativeTarget;
			buildConfigurationList = 6D139ED72C23342D004DF286 /* Build configuration list for PBXNativeTarget "StarterAppUITests" */;
			buildPhases = (
				6D139EC32C23342D004DF286 /* Sources */,
				6D139EC42C23342D004DF286 /* Frameworks */,
				6D139EC52C23342D004DF286 /* Resources */,
			);
			buildRules = (
			);
			dependencies = (
				6D139EC92C23342D004DF286 /* PBXTargetDependency */,
			);
			name = StarterAppUITests;
			productName = ExampleMVVMUITests;
			productReference = 6D139EC72C23342D004DF286 /* StarterAppUITests.xctest */;
			productType = "com.apple.product-type.bundle.ui-testing";
		};
/* End PBXNativeTarget section */

/* Begin PBXProject section */
		6D139EA52C23342A004DF286 /* Project object */ = {
			isa = PBXProject;
			attributes = {
				BuildIndependentTargetsInParallel = 1;
				LastSwiftUpdateCheck = 1510;
				LastUpgradeCheck = 1510;
				TargetAttributes = {
					6D139EAC2C23342A004DF286 = {
						CreatedOnToolsVersion = 15.1;
					};
					6D139EBC2C23342C004DF286 = {
						CreatedOnToolsVersion = 15.1;
						TestTargetID = 6D139EAC2C23342A004DF286;
					};
					6D139EC62C23342D004DF286 = {
						CreatedOnToolsVersion = 15.1;
						TestTargetID = 6D139EAC2C23342A004DF286;
					};
				};
			};
			buildConfigurationList = 6D139EA82C23342A004DF286 /* Build configuration list for PBXProject "StarterApp" */;
			compatibilityVersion = "Xcode 14.0";
			developmentRegion = en;
			hasScannedForEncodings = 0;
			knownRegions = (
				en,
				Base,
			);
			mainGroup = 6D139EA42C23342A004DF286;
			productRefGroup = 6D139EAE2C23342A004DF286 /* Products */;
			projectDirPath = "";
			projectRoot = "";
			targets = (
				6D139EAC2C23342A004DF286 /* StarterApp */,
				6D139EBC2C23342C004DF286 /* StarterAppTests */,
				6D139EC62C23342D004DF286 /* StarterAppUITests */,
			);
		};
/* End PBXProject section */

/* Begin PBXResourcesBuildPhase section */
		6D139EAB2C23342A004DF286 /* Resources */ = {
			isa = PBXResourcesBuildPhase;
			buildActionMask = 2147483647;
			files = (
				E29A84952E02B87B0082F24B /* weather_success.json in Resources */,
				E29A84962E02B87B0082F24B /* weather_error.json in Resources */,
				E29A84972E02B87B0082F24B /* Assets.xcassets in Resources */,
				E29A84982E02B87B0082F24B /* weather_empty.json in Resources */,
				E29A84992E02B87B0082F24B /* weather_data.json in Resources */,
				E29A849A2E02B87B0082F24B /* MASTERING_DATA_IOS.md in Resources */,
				E29A849B2E02B87B0082F24B /* weather_partial.json in Resources */,
				6D139EB82C23342C004DF286 /* Preview Assets.xcassets in Resources */,
				6D139F342C23DA35004DF286 /* weather_data.json in Resources */,
				6D139EB52C23342C004DF286 /* Assets.xcassets in Resources */,
			);
			runOnlyForDeploymentPostprocessing = 0;
		};
		6D139EBB2C23342C004DF286 /* Resources */ = {
			isa = PBXResourcesBuildPhase;
			buildActionMask = 2147483647;
			files = (
			);
			runOnlyForDeploymentPostprocessing = 0;
		};
		6D139EC52C23342D004DF286 /* Resources */ = {
			isa = PBXResourcesBuildPhase;
			buildActionMask = 2147483647;
			files = (
			);
			runOnlyForDeploymentPostprocessing = 0;
		};
/* End PBXResourcesBuildPhase section */

/* Begin PBXSourcesBuildPhase section */
		6D139EA92C23342A004DF286 /* Sources */ = {
			isa = PBXSourcesBuildPhase;
			buildActionMask = 2147483647;
			files = (
				6D139EDF2C2334E7004DF286 /* WeatherModel.swift in Sources */,
				E26EB44C2E01A9A200518C00 /* ProtocolMapper.swift in Sources */,
				E26EB42A2E01A5E300518C00 /* WeatherProtocolMapper.swift in Sources */,
				6D139EE52C2335C0004DF286 /* CityModel.swift in Sources */,
				E26EB4682E01FA5900518C00 /* NetworkService.swift in Sources */,
				E26EB4742E0202C600518C00 /* AppLogger.swift in Sources */,
				E26EB4692E01FA5900518C00 /* NetworkServiceImpl.swift in Sources */,
				6D139F072C23BB0F004DF286 /* AppConfiguration.swift in Sources */,
				6D139EF82C23381D004DF286 /* WeatherRowView.swift in Sources */,
				E26EB4562E01BEA600518C00 /* Extension+Logger.swift in Sources */,
				E26EB44A2E01A99A00518C00 /* FileDataService.swift in Sources */,
				E26EB4302E01A5F900518C00 /* WeatherRemoteService.swift in Sources */,
				E26EB4312E01A5F900518C00 /* WeatherFileService.swift in Sources */,
				E26EB4342E01A62D00518C00 /* ProtocolMapperImpl.swift in Sources */,
				6D139F042C23B8A6004DF286 /* Extension+Date.swift in Sources */,
				E29A84892E02B84B0082F24B /* WeatherEntity.swift in Sources */,
				6D139EB12C23342A004DF286 /* AppRoot.swift in Sources */,
				E2B37B322E01657500E46409 /* LoadingView.swift in Sources */,
				E29A848B2E02B8600082F24B /* WeatherRepositoryImpl.swift in Sources */,
				6D139F212C23C9C2004DF286 /* JSONLoader.swift in Sources */,
				E26EB4022E01888B00518C00 /* WeatherRepository.swift in Sources */,
				E26EB46C2E01FA6500518C00 /* AnalyticsServiceImpl.swift in Sources */,
				6D139EE72C2335E4004DF286 /* TemperatureModel.swift in Sources */,
				E26EB4762E02030D00518C00 /* LoggerFactory.swift in Sources */,
				E26EB44E2E01A9AB00518C00 /* RemoteDataService.swift in Sources */,
				6D139F022C233D4E004DF286 /* WeatherAPIConfiguration.swift in Sources */,
				E26EB46E2E01FB2600518C00 /* HTTPMethod.swift in Sources */,
				E26EB40E2E018BE000518C00 /* ForecastModel.swift in Sources */,
				E2B37B292E01655300E46409 /* SceneDelegate.swift in Sources */,
				E2B37B2A2E01655300E46409 /* AppLifecycleManager.swift in Sources */,
				E2B37B2B2E01655300E46409 /* AppDelegate.swift in Sources */,
				E26EB4722E02026D00518C00 /* AnalyticsService.swift in Sources */,
				E29A84E52E02F7240082F24B /* GenericDataAccessStrategy.swift in Sources */,
				E29A84E62E02F7240082F24B /* GenericDataSources.swift in Sources */,
				AB36A261E7384715BDF060DD /* AppContainer.swift in Sources */,
				E29A84E82E02F7540082F24B /* GenericDataAccessStrategies.swift in Sources */,
				C593E1CDF677418AA6C913C4 /* WeatherStore.swift in Sources */,
				E29A84E02E02F0B30082F24B /* WeatherDomainErrors.swift in Sources */,
				E29A84E12E02F0B30082F24B /* WeatherRepositoryHealthService.swift in Sources */,
				E29A84E22E02F0B30082F24B /* WeatherRepositoryConfiguration.swift in Sources */,
				E26EB4432E01A64700518C00 /* DataService.swift in Sources */,
				E26EB4522E01BE9100518C00 /* AppLoggerImpl.swift in Sources */,
				E29A84A12E02B8A50082F24B /* SecureStorageService.swift in Sources */,
				E26EB4532E01BE9100518C00 /* LoggerFactoryImpl.swift in Sources */,
				E26EB4542E01BE9100518C00 /* LoggingConfiguration.swift in Sources */,
				E29A84A52E02B8AB0082F24B /* MockDataLoader.swift in Sources */,
				E29A84A62E02B8AB0082F24B /* MockNetworkService.swift in Sources */,
				E26EB4452E01A64700518C00 /* FileServiceImpl.swift in Sources */,
				E26EB4462E01A64700518C00 /* RemoteServiceImpl.swift in Sources */,
				E29A84B12E02CCC40082F24B /* BaseRepository.swift in Sources */,
				2321F788F2CA4F1B9E27C681 /* RootView.swift in Sources */,
				E26EB4092E018B3600518C00 /* WeatherApiDTO.swift in Sources */,
				95D1D6172414486FAAD18585 /* SettingsView.swift in Sources */,
				E29A84A82E02B8C10082F24B /* NSCacheServiceImpl.swift in Sources */,
				E26EB40C2E018BC700518C00 /* WeatherConditionModel.swift in Sources */,
				E29A84D42E02DCD20082F24B /* WeatherCacheDataSourceImpl.swift in Sources */,
				E29A84D52E02DCD20082F24B /* WeatherRemoteDataSourceImpl.swift in Sources */,
				E29A84D62E02DCD20082F24B /* WeatherPersistenceDataSourceImpl.swift in Sources */,
				E29A84D72E02DCD20082F24B /* WeatherDataSources.swift in Sources */,
				E29A84D82E02DCD20082F24B /* WeatherDataAccessStrategy.swift in Sources */,
				E29A849E2E02B89C0082F24B /* SwiftDataContainer.swift in Sources */,
				892C6B7701614627BBBC784A /* WeatherView.swift in Sources */,
			);
			runOnlyForDeploymentPostprocessing = 0;
		};
		6D139EB92C23342C004DF286 /* Sources */ = {
			isa = PBXSourcesBuildPhase;
			buildActionMask = 2147483647;
			files = (
				6D139F1A2C23C450004DF286 /* FetchWeatherUseCaseTests.swift in Sources */,
				6D139F162C23C3E5004DF286 /* APIClientTests.swift in Sources */,
				6D139F142C23C3AE004DF286 /* ConfigurationManagerTests.swift in Sources */,
				6D139F182C23C42E004DF286 /* WeatherRepositoryTests.swift in Sources */,
				6D139EC22C23342C004DF286 /* StarterAppTests.swift in Sources */,
				6D139F1C2C23C47A004DF286 /* WeatherViewModelTests.swift in Sources */,
			);
			runOnlyForDeploymentPostprocessing = 0;
		};
		6D139EC32C23342D004DF286 /* Sources */ = {
			isa = PBXSourcesBuildPhase;
			buildActionMask = 2147483647;
			files = (
				6D139ECC2C23342D004DF286 /* StarterAppUITests.swift in Sources */,
				6D139ECE2C23342D004DF286 /* StarterAppUITestsLaunchTests.swift in Sources */,
			);
			runOnlyForDeploymentPostprocessing = 0;
		};
/* End PBXSourcesBuildPhase section */

/* Begin PBXTargetDependency section */
		6D139EBF2C23342C004DF286 /* PBXTargetDependency */ = {
			isa = PBXTargetDependency;
			target = 6D139EAC2C23342A004DF286 /* StarterApp */;
			targetProxy = 6D139EBE2C23342C004DF286 /* PBXContainerItemProxy */;
		};
		6D139EC92C23342D004DF286 /* PBXTargetDependency */ = {
			isa = PBXTargetDependency;
			target = 6D139EAC2C23342A004DF286 /* StarterApp */;
			targetProxy = 6D139EC82C23342D004DF286 /* PBXContainerItemProxy */;
		};
/* End PBXTargetDependency section */

/* Begin XCBuildConfiguration section */
		6D139ECF2C23342D004DF286 /* Debug */ = {
			isa = XCBuildConfiguration;
			buildSettings = {
				ALWAYS_SEARCH_USER_PATHS = NO;
				ASSETCATALOG_COMPILER_GENERATE_SWIFT_ASSET_SYMBOL_EXTENSIONS = YES;
				CLANG_ANALYZER_NONNULL = YES;
				CLANG_ANALYZER_NUMBER_OBJECT_CONVERSION = YES_AGGRESSIVE;
				CLANG_CXX_LANGUAGE_STANDARD = "gnu++20";
				CLANG_ENABLE_MODULES = YES;
				CLANG_ENABLE_OBJC_ARC = YES;
				CLANG_ENABLE_OBJC_WEAK = YES;
				CLANG_WARN_BLOCK_CAPTURE_AUTORELEASING = YES;
				CLANG_WARN_BOOL_CONVERSION = YES;
				CLANG_WARN_COMMA = YES;
				CLANG_WARN_CONSTANT_CONVERSION = YES;
				CLANG_WARN_DEPRECATED_OBJC_IMPLEMENTATIONS = YES;
				CLANG_WARN_DIRECT_OBJC_ISA_USAGE = YES_ERROR;
				CLANG_WARN_DOCUMENTATION_COMMENTS = YES;
				CLANG_WARN_EMPTY_BODY = YES;
				CLANG_WARN_ENUM_CONVERSION = YES;
				CLANG_WARN_INFINITE_RECURSION = YES;
				CLANG_WARN_INT_CONVERSION = YES;
				CLANG_WARN_NON_LITERAL_NULL_CONVERSION = YES;
				CLANG_WARN_OBJC_IMPLICIT_RETAIN_SELF = YES;
				CLANG_WARN_OBJC_LITERAL_CONVERSION = YES;
				CLANG_WARN_OBJC_ROOT_CLASS = YES_ERROR;
				CLANG_WARN_QUOTED_INCLUDE_IN_FRAMEWORK_HEADER = YES;
				CLANG_WARN_RANGE_LOOP_ANALYSIS = YES;
				CLANG_WARN_STRICT_PROTOTYPES = YES;
				CLANG_WARN_SUSPICIOUS_MOVE = YES;
				CLANG_WARN_UNGUARDED_AVAILABILITY = YES_AGGRESSIVE;
				CLANG_WARN_UNREACHABLE_CODE = YES;
				CLANG_WARN__DUPLICATE_METHOD_MATCH = YES;
				COPY_PHASE_STRIP = NO;
				DEBUG_INFORMATION_FORMAT = dwarf;
				ENABLE_STRICT_OBJC_MSGSEND = YES;
				ENABLE_TESTABILITY = YES;
				ENABLE_USER_SCRIPT_SANDBOXING = YES;
				GCC_C_LANGUAGE_STANDARD = gnu17;
				GCC_DYNAMIC_NO_PIC = NO;
				GCC_NO_COMMON_BLOCKS = YES;
				GCC_OPTIMIZATION_LEVEL = 0;
				GCC_PREPROCESSOR_DEFINITIONS = (
					"DEBUG=1",
					"$(inherited)",
				);
				GCC_WARN_64_TO_32_BIT_CONVERSION = YES;
				GCC_WARN_ABOUT_RETURN_TYPE = YES_ERROR;
				GCC_WARN_UNDECLARED_SELECTOR = YES;
				GCC_WARN_UNINITIALIZED_AUTOS = YES_AGGRESSIVE;
				GCC_WARN_UNUSED_FUNCTION = YES;
				GCC_WARN_UNUSED_VARIABLE = YES;
				IPHONEOS_DEPLOYMENT_TARGET = 17.2;
				LOCALIZATION_PREFERS_STRING_CATALOGS = YES;
				MTL_ENABLE_DEBUG_INFO = INCLUDE_SOURCE;
				MTL_FAST_MATH = YES;
				ONLY_ACTIVE_ARCH = YES;
				SDKROOT = iphoneos;
				SWIFT_ACTIVE_COMPILATION_CONDITIONS = "DEBUG $(inherited)";
				SWIFT_OPTIMIZATION_LEVEL = "-Onone";
			};
			name = Debug;
		};
		6D139ED02C23342D004DF286 /* Release */ = {
			isa = XCBuildConfiguration;
			buildSettings = {
				ALWAYS_SEARCH_USER_PATHS = NO;
				ASSETCATALOG_COMPILER_GENERATE_SWIFT_ASSET_SYMBOL_EXTENSIONS = YES;
				CLANG_ANALYZER_NONNULL = YES;
				CLANG_ANALYZER_NUMBER_OBJECT_CONVERSION = YES_AGGRESSIVE;
				CLANG_CXX_LANGUAGE_STANDARD = "gnu++20";
				CLANG_ENABLE_MODULES = YES;
				CLANG_ENABLE_OBJC_ARC = YES;
				CLANG_ENABLE_OBJC_WEAK = YES;
				CLANG_WARN_BLOCK_CAPTURE_AUTORELEASING = YES;
				CLANG_WARN_BOOL_CONVERSION = YES;
				CLANG_WARN_COMMA = YES;
				CLANG_WARN_CONSTANT_CONVERSION = YES;
				CLANG_WARN_DEPRECATED_OBJC_IMPLEMENTATIONS = YES;
				CLANG_WARN_DIRECT_OBJC_ISA_USAGE = YES_ERROR;
				CLANG_WARN_DOCUMENTATION_COMMENTS = YES;
				CLANG_WARN_EMPTY_BODY = YES;
				CLANG_WARN_ENUM_CONVERSION = YES;
				CLANG_WARN_INFINITE_RECURSION = YES;
				CLANG_WARN_INT_CONVERSION = YES;
				CLANG_WARN_NON_LITERAL_NULL_CONVERSION = YES;
				CLANG_WARN_OBJC_IMPLICIT_RETAIN_SELF = YES;
				CLANG_WARN_OBJC_LITERAL_CONVERSION = YES;
				CLANG_WARN_OBJC_ROOT_CLASS = YES_ERROR;
				CLANG_WARN_QUOTED_INCLUDE_IN_FRAMEWORK_HEADER = YES;
				CLANG_WARN_RANGE_LOOP_ANALYSIS = YES;
				CLANG_WARN_STRICT_PROTOTYPES = YES;
				CLANG_WARN_SUSPICIOUS_MOVE = YES;
				CLANG_WARN_UNGUARDED_AVAILABILITY = YES_AGGRESSIVE;
				CLANG_WARN_UNREACHABLE_CODE = YES;
				CLANG_WARN__DUPLICATE_METHOD_MATCH = YES;
				COPY_PHASE_STRIP = NO;
				DEBUG_INFORMATION_FORMAT = "dwarf-with-dsym";
				ENABLE_NS_ASSERTIONS = NO;
				ENABLE_STRICT_OBJC_MSGSEND = YES;
				ENABLE_USER_SCRIPT_SANDBOXING = YES;
				GCC_C_LANGUAGE_STANDARD = gnu17;
				GCC_NO_COMMON_BLOCKS = YES;
				GCC_WARN_64_TO_32_BIT_CONVERSION = YES;
				GCC_WARN_ABOUT_RETURN_TYPE = YES_ERROR;
				GCC_WARN_UNDECLARED_SELECTOR = YES;
				GCC_WARN_UNINITIALIZED_AUTOS = YES_AGGRESSIVE;
				GCC_WARN_UNUSED_FUNCTION = YES;
				GCC_WARN_UNUSED_VARIABLE = YES;
				IPHONEOS_DEPLOYMENT_TARGET = 17.2;
				LOCALIZATION_PREFERS_STRING_CATALOGS = YES;
				MTL_ENABLE_DEBUG_INFO = NO;
				MTL_FAST_MATH = YES;
				SDKROOT = iphoneos;
				SWIFT_COMPILATION_MODE = wholemodule;
				VALIDATE_PRODUCT = YES;
			};
			name = Release;
		};
		6D139ED22C23342D004DF286 /* Debug */ = {
			isa = XCBuildConfiguration;
			buildSettings = {
				ASSETCATALOG_COMPILER_APPICON_NAME = AppIcon;
				ASSETCATALOG_COMPILER_GLOBAL_ACCENT_COLOR_NAME = AccentColor;
				CODE_SIGN_STYLE = Automatic;
				CURRENT_PROJECT_VERSION = 1;
				DEVELOPMENT_ASSET_PATHS = "\"StarterApp/Preview Content\"";
				DEVELOPMENT_TEAM = 3LBDBT47F7;
				ENABLE_PREVIEWS = YES;
				GENERATE_INFOPLIST_FILE = YES;
				INFOPLIST_KEY_UIApplicationSceneManifest_Generation = YES;
				INFOPLIST_KEY_UIApplicationSupportsIndirectInputEvents = YES;
				INFOPLIST_KEY_UILaunchScreen_Generation = YES;
				INFOPLIST_KEY_UISupportedInterfaceOrientations_iPad = "UIInterfaceOrientationPortrait UIInterfaceOrientationPortraitUpsideDown UIInterfaceOrientationLandscapeLeft UIInterfaceOrientationLandscapeRight";
				INFOPLIST_KEY_UISupportedInterfaceOrientations_iPhone = "UIInterfaceOrientationPortrait UIInterfaceOrientationLandscapeLeft UIInterfaceOrientationLandscapeRight";
				LD_RUNPATH_SEARCH_PATHS = (
					"$(inherited)",
					"@executable_path/Frameworks",
				);
				MARKETING_VERSION = 1.0;
				PRODUCT_BUNDLE_IDENTIFIER = clean.nazmulkp.ExampleMVVM;
				PRODUCT_NAME = "$(TARGET_NAME)";
				SWIFT_EMIT_LOC_STRINGS = YES;
				SWIFT_VERSION = 5.0;
				TARGETED_DEVICE_FAMILY = "1,2";
			};
			name = Debug;
		};
		6D139ED32C23342D004DF286 /* Release */ = {
			isa = XCBuildConfiguration;
			buildSettings = {
				ASSETCATALOG_COMPILER_APPICON_NAME = AppIcon;
				ASSETCATALOG_COMPILER_GLOBAL_ACCENT_COLOR_NAME = AccentColor;
				CODE_SIGN_STYLE = Automatic;
				CURRENT_PROJECT_VERSION = 1;
				DEVELOPMENT_ASSET_PATHS = "\"StarterApp/Preview Content\"";
				DEVELOPMENT_TEAM = 3LBDBT47F7;
				ENABLE_PREVIEWS = YES;
				GENERATE_INFOPLIST_FILE = YES;
				INFOPLIST_KEY_UIApplicationSceneManifest_Generation = YES;
				INFOPLIST_KEY_UIApplicationSupportsIndirectInputEvents = YES;
				INFOPLIST_KEY_UILaunchScreen_Generation = YES;
				INFOPLIST_KEY_UISupportedInterfaceOrientations_iPad = "UIInterfaceOrientationPortrait UIInterfaceOrientationPortraitUpsideDown UIInterfaceOrientationLandscapeLeft UIInterfaceOrientationLandscapeRight";
				INFOPLIST_KEY_UISupportedInterfaceOrientations_iPhone = "UIInterfaceOrientationPortrait UIInterfaceOrientationLandscapeLeft UIInterfaceOrientationLandscapeRight";
				LD_RUNPATH_SEARCH_PATHS = (
					"$(inherited)",
					"@executable_path/Frameworks",
				);
				MARKETING_VERSION = 1.0;
				PRODUCT_BUNDLE_IDENTIFIER = clean.nazmulkp.ExampleMVVM;
				PRODUCT_NAME = "$(TARGET_NAME)";
				SWIFT_EMIT_LOC_STRINGS = YES;
				SWIFT_VERSION = 5.0;
				TARGETED_DEVICE_FAMILY = "1,2";
			};
			name = Release;
		};
		6D139ED52C23342D004DF286 /* Debug */ = {
			isa = XCBuildConfiguration;
			buildSettings = {
				ALWAYS_EMBED_SWIFT_STANDARD_LIBRARIES = YES;
				BUNDLE_LOADER = "$(TEST_HOST)";
				CODE_SIGN_STYLE = Automatic;
				CURRENT_PROJECT_VERSION = 1;
				DEVELOPMENT_TEAM = 3LBDBT47F7;
				GENERATE_INFOPLIST_FILE = YES;
				IPHONEOS_DEPLOYMENT_TARGET = 17.6;
				MARKETING_VERSION = 1.0;
				PRODUCT_BUNDLE_IDENTIFIER = clean.nazmulkp.ExampleMVVMTests;
				PRODUCT_NAME = "$(TARGET_NAME)";
				SWIFT_EMIT_LOC_STRINGS = NO;
				SWIFT_VERSION = 5.0;
				TARGETED_DEVICE_FAMILY = "1,2";
				TEST_HOST = "$(BUILT_PRODUCTS_DIR)/StarterApp.app/$(BUNDLE_EXECUTABLE_FOLDER_PATH)/StarterApp";
			};
			name = Debug;
		};
		6D139ED62C23342D004DF286 /* Release */ = {
			isa = XCBuildConfiguration;
			buildSettings = {
				ALWAYS_EMBED_SWIFT_STANDARD_LIBRARIES = YES;
				BUNDLE_LOADER = "$(TEST_HOST)";
				CODE_SIGN_STYLE = Automatic;
				CURRENT_PROJECT_VERSION = 1;
				DEVELOPMENT_TEAM = 3LBDBT47F7;
				GENERATE_INFOPLIST_FILE = YES;
				IPHONEOS_DEPLOYMENT_TARGET = 17.6;
				MARKETING_VERSION = 1.0;
				PRODUCT_BUNDLE_IDENTIFIER = clean.nazmulkp.ExampleMVVMTests;
				PRODUCT_NAME = "$(TARGET_NAME)";
				SWIFT_EMIT_LOC_STRINGS = NO;
				SWIFT_VERSION = 5.0;
				TARGETED_DEVICE_FAMILY = "1,2";
				TEST_HOST = "$(BUILT_PRODUCTS_DIR)/StarterApp.app/$(BUNDLE_EXECUTABLE_FOLDER_PATH)/StarterApp";
			};
			name = Release;
		};
		6D139ED82C23342D004DF286 /* Debug */ = {
			isa = XCBuildConfiguration;
			buildSettings = {
				ALWAYS_EMBED_SWIFT_STANDARD_LIBRARIES = YES;
				CODE_SIGN_STYLE = Automatic;
				CURRENT_PROJECT_VERSION = 1;
				DEVELOPMENT_TEAM = 3LBDBT47F7;
				GENERATE_INFOPLIST_FILE = YES;
				MARKETING_VERSION = 1.0;
				PRODUCT_BUNDLE_IDENTIFIER = clean.nazmulkp.ExampleMVVMUITests;
				PRODUCT_NAME = "$(TARGET_NAME)";
				SWIFT_EMIT_LOC_STRINGS = NO;
				SWIFT_VERSION = 5.0;
				TARGETED_DEVICE_FAMILY = "1,2";
				TEST_TARGET_NAME = ExampleMVVM;
			};
			name = Debug;
		};
		6D139ED92C23342D004DF286 /* Release */ = {
			isa = XCBuildConfiguration;
			buildSettings = {
				ALWAYS_EMBED_SWIFT_STANDARD_LIBRARIES = YES;
				CODE_SIGN_STYLE = Automatic;
				CURRENT_PROJECT_VERSION = 1;
				DEVELOPMENT_TEAM = 3LBDBT47F7;
				GENERATE_INFOPLIST_FILE = YES;
				MARKETING_VERSION = 1.0;
				PRODUCT_BUNDLE_IDENTIFIER = clean.nazmulkp.ExampleMVVMUITests;
				PRODUCT_NAME = "$(TARGET_NAME)";
				SWIFT_EMIT_LOC_STRINGS = NO;
				SWIFT_VERSION = 5.0;
				TARGETED_DEVICE_FAMILY = "1,2";
				TEST_TARGET_NAME = ExampleMVVM;
			};
			name = Release;
		};
/* End XCBuildConfiguration section */

/* Begin XCConfigurationList section */
		6D139EA82C23342A004DF286 /* Build configuration list for PBXProject "StarterApp" */ = {
			isa = XCConfigurationList;
			buildConfigurations = (
				6D139ECF2C23342D004DF286 /* Debug */,
				6D139ED02C23342D004DF286 /* Release */,
			);
			defaultConfigurationIsVisible = 0;
			defaultConfigurationName = Release;
		};
		6D139ED12C23342D004DF286 /* Build configuration list for PBXNativeTarget "StarterApp" */ = {
			isa = XCConfigurationList;
			buildConfigurations = (
				6D139ED22C23342D004DF286 /* Debug */,
				6D139ED32C23342D004DF286 /* Release */,
			);
			defaultConfigurationIsVisible = 0;
			defaultConfigurationName = Release;
		};
		6D139ED42C23342D004DF286 /* Build configuration list for PBXNativeTarget "StarterAppTests" */ = {
			isa = XCConfigurationList;
			buildConfigurations = (
				6D139ED52C23342D004DF286 /* Debug */,
				6D139ED62C23342D004DF286 /* Release */,
			);
			defaultConfigurationIsVisible = 0;
			defaultConfigurationName = Release;
		};
		6D139ED72C23342D004DF286 /* Build configuration list for PBXNativeTarget "StarterAppUITests" */ = {
			isa = XCConfigurationList;
			buildConfigurations = (
				6D139ED82C23342D004DF286 /* Debug */,
				6D139ED92C23342D004DF286 /* Release */,
			);
			defaultConfigurationIsVisible = 0;
			defaultConfigurationName = Release;
		};
/* End XCConfigurationList section */
	};
	rootObject = 6D139EA52C23342A004DF286 /* Project object */;
}
